
Microsoft Visual Studio Solution File, Format Version 12.00
# Visual Studio Version 16
VisualStudioVersion = 16.0.32106.194
MinimumVisualStudioVersion = 10.0.40219.1
Project("{FAE04EC0-301F-11D3-BF4B-00C04F79EFBC}") = "APPMVC.NET", "APPMVC.NET\APPMVC.NET.csproj", "{1F737F04-74AB-4E8F-BCBB-529B6A856A16}"
EndProject
Global
	GlobalSection(SolutionConfigurationPlatforms) = preSolution
		Debug|Any CPU = Debug|Any CPU
		Release|Any CPU = Release|Any CPU
	EndGlobalSection
	GlobalSection(ProjectConfigurationPlatforms) = postSolution
		{1F737F04-74AB-4E8F-BCBB-529B6A856A16}.Debug|Any CPU.ActiveCfg = Debug|Any CPU
		{1F737F04-74AB-4E8F-BCBB-529B6A856A16}.Debug|Any CPU.Build.0 = Debug|Any CPU
		{1F737F04-74AB-4E8F-BCBB-529B6A856A16}.Release|Any CPU.ActiveCfg = Release|Any CPU
		{1F737F04-74AB-4E8F-BCBB-529B6A856A16}.Release|Any CPU.Build.0 = Release|Any CPU
	EndGlobalSection
	GlobalSection(SolutionProperties) = preSolution
		HideSolutionNode = FALSE
	EndGlobalSection
	GlobalSection(ExtensibilityGlobals) = postSolution
		SolutionGuid = {5E80B991-21DA-426D-B849-EB0EC0EC7889}
	EndGlobalSection
EndGlobal
